
Microsoft Visual Studio Solution File, Format Version 12.00
# Visual Studio Version 16
VisualStudioVersion = 16.0.30804.86
MinimumVisualStudioVersion = 10.0.40219.1
Project("{FAE04EC0-301F-11D3-BF4B-00C04F79EFBC}") = "TestDoxy", "TestDoxy\TestDoxy.csproj", "{8C958398-2D35-4CDD-8E45-D45CB3B8671D}"
EndProject
Global
	GlobalSection(SolutionConfigurationPlatforms) = preSolution
		Debug|Any CPU = Debug|Any CPU
		Release|Any CPU = Release|Any CPU
	EndGlobalSection
	GlobalSection(ProjectConfigurationPlatforms) = postSolution
		{8C958398-2D35-4CDD-8E45-D45CB3B8671D}.Debug|Any CPU.ActiveCfg = Debug|Any CPU
		{8C958398-2D35-4CDD-8E45-D45CB3B8671D}.Debug|Any CPU.Build.0 = Debug|Any CPU
		{8C958398-2D35-4CDD-8E45-D45CB3B8671D}.Release|Any CPU.ActiveCfg = Release|Any CPU
		{8C958398-2D35-4CDD-8E45-D45CB3B8671D}.Release|Any CPU.Build.0 = Release|Any CPU
	EndGlobalSection
	GlobalSection(SolutionProperties) = preSolution
		HideSolutionNode = FALSE
	EndGlobalSection
	GlobalSection(ExtensibilityGlobals) = postSolution
		SolutionGuid = {D58435BB-43C7-434C-8CB5-6EB634D07D63}
	EndGlobalSection
EndGlobal
